{
    "_readme": [
        "This file locks the dependencies of your project to a known state",
        "Read more about it at https://getcomposer.org/doc/01-basic-usage.md#composer-lock-the-lock-file",
        "This file is @generated automatically"
    ],
    "hash": "fcfdc7414e9744b0e051b1b3e7e42471",
    "content-hash": "457be83b6e87c1a2fc7fd934cc50ca9a",
    "packages": [
        {
            "name": "composer/installers",
            "version": "dev-master",
            "source": {
                "type": "git",
                "url": "https://github.com/composer/installers.git",
                "reference": "b1a938a75dbbd5bed80e62bb67c6f63969d67996"
            },
            "dist": {
                "type": "zip",
                "url": "https://api.github.com/repos/composer/installers/zipball/b1a938a75dbbd5bed80e62bb67c6f63969d67996",
                "reference": "b1a938a75dbbd5bed80e62bb67c6f63969d67996",
                "shasum": ""
            },
            "require": {
                "composer-plugin-api": "1.0.0"
            },
            "replace": {
                "roundcube/plugin-installer": "*",
                "shama/baton": "*"
            },
            "require-dev": {
                "composer/composer": "1.0.*@dev",
                "phpunit/phpunit": "4.1.*"
            },
            "type": "composer-plugin",
            "extra": {
                "class": "Composer\\Installers\\Plugin",
                "branch-alias": {
                    "dev-master": "1.0-dev"
                }
            },
            "autoload": {
                "psr-0": {
                    "Composer\\Installers\\": "src/"
                }
            },
            "notification-url": "https://packagist.org/downloads/",
            "license": [
                "MIT"
            ],
            "authors": [
                {
                    "name": "Kyle Robinson Young",
                    "email": "kyle@dontkry.com",
                    "homepage": "https://github.com/shama"
                }
            ],
            "description": "A multi-framework Composer library installer",
            "homepage": "http://composer.github.com/installers/",
            "keywords": [
                "Craft",
                "Dolibarr",
                "Hurad",
                "MODX Evo",
                "OXID",
                "SMF",
                "Thelia",
                "WolfCMS",
                "agl",
                "aimeos",
                "annotatecms",
                "bitrix",
                "cakephp",
                "chef",
                "codeigniter",
                "concrete5",
                "croogo",
                "dokuwiki",
                "drupal",
                "elgg",
                "fuelphp",
                "grav",
                "installer",
                "joomla",
                "kohana",
                "laravel",
                "lithium",
                "magento",
                "mako",
                "mediawiki",
                "modulework",
                "moodle",
                "phpbb",
                "piwik",
                "ppi",
                "puppet",
                "roundcube",
                "shopware",
                "silverstripe",
                "symfony",
                "typo3",
                "wordpress",
                "zend",
                "zikula"
            ],
            "time": "2016-01-07 09:11:10"
        },
        {
            "name": "md/ac-json-events",
            "version": "dev-master",
            "source": {
                "type": "git",
                "url": "https://github.com/StudentLifeMarketingAndDesign/ac-json-events.git",
                "reference": "4582a7d3446e99a8e42642b186c1cc3b0f36fdb4"
            },
            "dist": {
                "type": "zip",
                "url": "https://api.github.com/repos/StudentLifeMarketingAndDesign/ac-json-events/zipball/4582a7d3446e99a8e42642b186c1cc3b0f36fdb4",
                "reference": "4582a7d3446e99a8e42642b186c1cc3b0f36fdb4",
                "shasum": ""
            },
            "require": {
                "php": ">=5.3.2",
                "silverstripe/cms": "3.*",
                "silverstripe/framework": "3.*"
            },
            "type": "silverstripe-module",
            "extra": {
                "branch-alias": {
                    "dev-master": "0.1.x-dev"
                }
            },
            "description": "After Class JSON Display Module",
            "support": {
                "source": "https://github.com/StudentLifeMarketingAndDesign/ac-json-events/tree/master",
                "issues": "https://github.com/StudentLifeMarketingAndDesign/ac-json-events/issues"
            },
            "time": "2015-12-03 22:26:23"
        },
        {
            "name": "md/division-bar",
            "version": "dev-master",
            "source": {
                "type": "git",
                "url": "https://github.com/StudentLifeMarketingAndDesign/division-bar.git",
                "reference": "d90d9f5699c032c87d0094792add84e330dffbb9"
            },
            "dist": {
                "type": "zip",
                "url": "https://api.github.com/repos/StudentLifeMarketingAndDesign/division-bar/zipball/d90d9f5699c032c87d0094792add84e330dffbb9",
                "reference": "d90d9f5699c032c87d0094792add84e330dffbb9",
                "shasum": ""
            },
            "require": {
                "php": ">=5.3.2",
                "silverstripe/cms": "3.*",
                "silverstripe/framework": "3.*"
            },
            "type": "silverstripe-module",
            "extra": {
                "branch-alias": {
                    "dev-master": "0.1.x-dev"
                }
            },
            "description": "The University of Iowa Division of Student Life Bar",
            "support": {
                "source": "https://github.com/StudentLifeMarketingAndDesign/division-bar/tree/master",
                "issues": "https://github.com/StudentLifeMarketingAndDesign/division-bar/issues"
            },
            "time": "2016-01-26 22:04:15"
        },
        {
            "name": "md/rss-display",
            "version": "dev-master",
            "source": {
                "type": "git",
                "url": "https://github.com/StudentLifeMarketingAndDesign/rss-display.git",
                "reference": "8825a6fe897c5ee3d91611146c8c1834a0594964"
            },
            "dist": {
                "type": "zip",
                "url": "https://api.github.com/repos/StudentLifeMarketingAndDesign/rss-display/zipball/8825a6fe897c5ee3d91611146c8c1834a0594964",
                "reference": "8825a6fe897c5ee3d91611146c8c1834a0594964",
                "shasum": ""
            },
            "require": {
                "php": ">=5.3.2",
                "silverstripe/cms": "3.*",
                "silverstripe/framework": "3.*"
            },
            "type": "silverstripe-module",
            "extra": {
                "branch-alias": {
                    "dev-master": "0.3.x-dev"
                }
            },
            "description": "MD RSS Display Module",
            "support": {
                "source": "https://github.com/StudentLifeMarketingAndDesign/rss-display/tree/master",
                "issues": "https://github.com/StudentLifeMarketingAndDesign/rss-display/issues"
            },
            "time": "2015-04-28 20:02:10"
        },
        {
            "name": "rywa/silverstripe-foundation-forms",
            "version": "dev-master",
            "source": {
                "type": "git",
                "url": "https://github.com/ryanwachtl/silverstripe-foundation-forms.git",
                "reference": "7fd35e59119c6036805de4d01bc53883560593bf"
            },
            "dist": {
                "type": "zip",
                "url": "https://api.github.com/repos/ryanwachtl/silverstripe-foundation-forms/zipball/7fd35e59119c6036805de4d01bc53883560593bf",
                "reference": "7fd35e59119c6036805de4d01bc53883560593bf",
                "shasum": ""
            },
            "require": {
                "composer/installers": "*",
                "silverstripe/framework": "~3.1"
            },
            "type": "silverstripe-module",
            "extra": {
                "installer-name": "foundationforms",
                "branch-alias": {
                    "dev-master": "1.0.x-dev"
                }
            },
            "notification-url": "https://packagist.org/downloads/",
            "license": [
                "MIT Open Source License"
            ],
            "authors": [
                {
                    "name": "Ryan Wachtl",
                    "email": "ryan@beyondusability.pro",
                    "homepage": "http://beyondusability.pro",
                    "role": "Developer"
                }
            ],
            "description": "Add Foundation framework forms compatibility to SilverStripe 3",
            "keywords": [
                "Forms",
                "foundation",
                "silverstripe",
                "zurb foundation"
            ],
            "time": "2015-04-05 16:08:59"
        },
        {
            "name": "silverstripe-australia/gridfieldextensions",
            "version": "1.1.0",
            "source": {
                "type": "git",
                "url": "https://github.com/silverstripe-australia/silverstripe-gridfieldextensions.git",
                "reference": "302f7c0dc1ca929d7aa001453eaa16491afd4d5b"
            },
            "dist": {
                "type": "zip",
                "url": "https://api.github.com/repos/silverstripe-australia/silverstripe-gridfieldextensions/zipball/302f7c0dc1ca929d7aa001453eaa16491afd4d5b",
                "reference": "302f7c0dc1ca929d7aa001453eaa16491afd4d5b",
                "shasum": ""
            },
            "require": {
                "silverstripe/framework": "~3.1"
            },
            "replace": {
                "ajshort/silverstripe-gridfieldextensions": "self.version"
            },
            "type": "silverstripe-module",
            "extra": {
                "installer-name": "gridfieldextensions",
                "screenshots": [
                    "docs/en/_images/editable-rows.png",
                    "docs/en/_images/add-existing-search.png"
                ]
            },
            "notification-url": "https://packagist.org/downloads/",
            "license": [
                "BSD-3-Clause"
            ],
            "authors": [
                {
                    "name": "Marcus Nyeholt",
                    "email": "marcus@silverstripe.com.au"
                },
                {
                    "name": "Andrew Short",
                    "email": "andrewjshort@gmail.com"
                }
            ],
            "description": "A collection of useful grid field components",
            "homepage": "http://github.com/ajshort/silverstripe-gridfieldextensions",
            "keywords": [
                "gridfield",
                "silverstripe"
            ],
            "time": "2015-03-04 01:28:24"
        },
        {
            "name": "silverstripe/cms",
            "version": "3.1.16",
            "source": {
                "type": "git",
                "url": "https://github.com/silverstripe/silverstripe-cms.git",
                "reference": "592588333026502b4968b1837d5725fbe7252745"
            },
            "dist": {
                "type": "zip",
                "url": "https://api.github.com/repos/silverstripe/silverstripe-cms/zipball/592588333026502b4968b1837d5725fbe7252745",
                "reference": "592588333026502b4968b1837d5725fbe7252745",
                "shasum": ""
            },
            "require": {
                "composer/installers": "*",
                "php": ">=5.3.2",
                "silverstripe/framework": "3.1.*"
            },
            "type": "silverstripe-module",
            "autoload": {
                "classmap": [
                    "tests/behat/"
                ]
            },
            "notification-url": "https://packagist.org/downloads/",
            "license": [
                "BSD-3-Clause"
            ],
            "authors": [
                {
                    "name": "SilverStripe",
                    "homepage": "http://silverstripe.com"
                },
                {
                    "name": "The SilverStripe Community",
                    "homepage": "http://silverstripe.org"
                }
            ],
            "description": "The SilverStripe Content Management System",
            "homepage": "http://silverstripe.org",
            "keywords": [
                "cms",
                "silverstripe"
            ],
            "time": "2015-11-16 02:08:39"
        },
        {
            "name": "silverstripe/framework",
            "version": "3.1.16",
            "source": {
                "type": "git",
                "url": "https://github.com/silverstripe/silverstripe-framework.git",
                "reference": "2e6469956fa76513c6c9c70587c806f095ddb6d7"
            },
            "dist": {
                "type": "zip",
                "url": "https://api.github.com/repos/silverstripe/silverstripe-framework/zipball/2e6469956fa76513c6c9c70587c806f095ddb6d7",
                "reference": "2e6469956fa76513c6c9c70587c806f095ddb6d7",
                "shasum": ""
            },
            "require": {
                "composer/installers": "*",
                "php": ">=5.3.2,<7"
            },
            "require-dev": {
                "phpunit/phpunit": "~3.7@stable"
            },
            "type": "silverstripe-module",
            "autoload": {
                "classmap": [
                    "tests/behat/features/bootstrap"
                ]
            },
            "notification-url": "https://packagist.org/downloads/",
            "license": [
                "BSD-3-Clause"
            ],
            "authors": [
                {
                    "name": "SilverStripe",
                    "homepage": "http://silverstripe.com"
                },
                {
                    "name": "The SilverStripe Community",
                    "homepage": "http://silverstripe.org"
                }
            ],
            "description": "The SilverStripe framework",
            "homepage": "http://silverstripe.org",
            "keywords": [
                "framework",
                "silverstripe"
            ],
            "time": "2015-11-16 02:20:30"
        },
        {
            "name": "silverstripe/mathspamprotection",
            "version": "dev-master",
            "source": {
                "type": "git",
                "url": "https://github.com/silverstripe/silverstripe-mathspamprotection.git",
                "reference": "37affee57bbf1b9e06e3bb9d82d8ee25a6c0c930"
            },
            "dist": {
                "type": "zip",
                "url": "https://api.github.com/repos/silverstripe/silverstripe-mathspamprotection/zipball/37affee57bbf1b9e06e3bb9d82d8ee25a6c0c930",
                "reference": "37affee57bbf1b9e06e3bb9d82d8ee25a6c0c930",
                "shasum": ""
            },
            "require": {
                "silverstripe/spamprotection": "dev-master"
            },
            "type": "silverstripe-module",
            "notification-url": "https://packagist.org/downloads/",
            "license": [
                "BSD-3-Clause"
            ],
            "authors": [
                {
                    "name": "Will Rossiter",
                    "email": "will@fullscreen.io"
                }
            ],
            "description": "This module provides a simple math protection mechanism for prevent spam from your forms.Includes an EditableMathSpamField to integrate with the UserForms module.",
            "keywords": [
                "mathspamprotection",
                "silverstripe",
                "spamprotection"
            ],
            "time": "2016-01-04 20:48:14"
        },
        {
            "name": "silverstripe/recaptcha",
            "version": "dev-master",
            "source": {
                "type": "git",
                "url": "https://github.com/chillu/silverstripe-recaptcha.git",
                "reference": "02a53f235c4965e79198c3934b8b27ce33abb9fc"
            },
            "dist": {
                "type": "zip",
                "url": "https://api.github.com/repos/chillu/silverstripe-recaptcha/zipball/02a53f235c4965e79198c3934b8b27ce33abb9fc",
                "reference": "02a53f235c4965e79198c3934b8b27ce33abb9fc",
                "shasum": ""
            },
            "require": {
                "silverstripe/framework": "~3.1",
                "silverstripe/spamprotection": "*"
            },
            "type": "silverstripe-module",
            "extra": {
                "branch-alias": {
                    "dev-master": "1.2.x-dev"
                }
            },
            "notification-url": "https://packagist.org/downloads/",
            "authors": [
                {
                    "name": "Ingo Schommer",
                    "email": "ingo@silverstripe.com"
                }
            ],
            "description": "Provides a form field which allows form to validate for non-bot submissions by giving them a challenge to decrypt an image.",
            "keywords": [
                "silverstripe",
                "spamprotection"
            ],
            "time": "2014-12-11 10:38:25"
        },
        {
            "name": "silverstripe/spamprotection",
            "version": "dev-master",
            "source": {
                "type": "git",
                "url": "https://github.com/silverstripe/silverstripe-spamprotection.git",
                "reference": "078b0f51f9d1d48077ed2f8fc61b0e4999576632"
            },
            "dist": {
                "type": "zip",
                "url": "https://api.github.com/repos/silverstripe/silverstripe-spamprotection/zipball/078b0f51f9d1d48077ed2f8fc61b0e4999576632",
                "reference": "078b0f51f9d1d48077ed2f8fc61b0e4999576632",
                "shasum": ""
            },
            "require": {
                "silverstripe/framework": "~3.1"
            },
            "require-dev": {
                "phpunit/phpunit": "~3.7@stable"
            },
            "type": "silverstripe-module",
            "extra": {
                "branch-alias": {
                    "dev-master": "2.0.x-dev"
                }
            },
            "notification-url": "https://packagist.org/downloads/",
            "license": [
                "BSD-3-Clause"
            ],
            "authors": [
                {
                    "name": "Saophalkun Ponlu",
                    "email": "phalkunz@silverstripe.com"
                },
                {
                    "name": "Will Rossiter",
                    "email": "will@fullscreen.io"
                }
            ],
            "description": "Spam protection module for SilverStripe.",
            "keywords": [
                "silverstripe",
                "spamprotection"
            ],
            "time": "2016-01-21 23:53:30"
        },
        {
            "name": "silverstripe/userforms",
            "version": "2.x-dev",
            "source": {
                "type": "git",
                "url": "https://github.com/silverstripe/silverstripe-userforms.git",
                "reference": "e5765dc367f5e02b536b3aad851777ab4d1ab82b"
            },
            "dist": {
                "type": "zip",
                "url": "https://api.github.com/repos/silverstripe/silverstripe-userforms/zipball/e5765dc367f5e02b536b3aad851777ab4d1ab82b",
                "reference": "e5765dc367f5e02b536b3aad851777ab4d1ab82b",
                "shasum": ""
            },
            "require": {
                "silverstripe-australia/gridfieldextensions": "1.1.0",
                "silverstripe/cms": ">=3.1.0",
                "silverstripe/framework": ">=3.1.0"
            },
            "suggest": {
                "colymba/gridfield-bulk-editing-tools": "Allows for bulk management of form submissions"
            },
            "type": "silverstripe-module",
            "extra": {
                "branch-alias": {
                    "2.x-dev": "2.1.x-dev"
                }
            },
            "notification-url": "https://packagist.org/downloads/",
            "license": [
                "BSD-3-Clause"
            ],
            "authors": [
                {
                    "name": "Will Rossiter",
                    "email": "will@fullscreen.io"
                }
            ],
            "description": "UserForms enables CMS users to create dynamic forms via a drag and drop interface and without getting involved in any PHP code",
            "keywords": [
                "silverstripe",
                "userforms"
            ],
            "time": "2015-08-30 23:27:36"
        }
    ],
    "packages-dev": [],
    "aliases": [],
    "minimum-stability": "dev",
    "stability-flags": {
        "silverstripe/spamprotection": 20,
        "md/ac-json-events": 20,
        "rywa/silverstripe-foundation-forms": 20
    },
    "prefer-stable": false,
    "prefer-lowest": false,
    "platform": {
        "php": ">=5.3.2"
    },
    "platform-dev": []
}
