{
    "_readme": [
        "This file locks the dependencies of your project to a known state",
        "Read more about it at https://getcomposer.org/doc/01-basic-usage.md#composer-lock-the-lock-file",
        "This file is @generated automatically"
    ],
    "hash": "c8ec39e021a9ddc5b1d9e799157567e6",
    "content-hash": "2cf1a4ceac4f6d620e9123c8bc2be2f9",
    "packages": [
        {
            "name": "composer/installers",
            "version": "dev-master",
            "source": {
                "type": "git",
                "url": "https://github.com/composer/installers.git",
                "reference": "6aac6a0a931ad06780fa7c574f27178d48109ec7"
            },
            "dist": {
                "type": "zip",
                "url": "https://api.github.com/repos/composer/installers/zipball/6aac6a0a931ad06780fa7c574f27178d48109ec7",
                "reference": "6aac6a0a931ad06780fa7c574f27178d48109ec7",
                "shasum": ""
            },
            "require": {
                "composer-plugin-api": "^1.0"
            },
            "replace": {
                "roundcube/plugin-installer": "*",
                "shama/baton": "*"
            },
            "require-dev": {
                "composer/composer": "1.0.*@dev",
                "phpunit/phpunit": "4.1.*"
            },
            "type": "composer-plugin",
            "extra": {
                "class": "Composer\\Installers\\Plugin",
                "branch-alias": {
                    "dev-master": "1.0-dev"
                }
            },
            "autoload": {
                "psr-0": {
                    "Composer\\Installers\\": "src/"
                }
            },
            "notification-url": "https://packagist.org/downloads/",
            "license": [
                "MIT"
            ],
            "authors": [
                {
                    "name": "Kyle Robinson Young",
                    "email": "kyle@dontkry.com",
                    "homepage": "https://github.com/shama"
                }
            ],
            "description": "A multi-framework Composer library installer",
            "homepage": "https://composer.github.io/installers/",
            "keywords": [
                "Craft",
                "Dolibarr",
                "Hurad",
                "MODX Evo",
                "Mautic",
                "OXID",
                "SMF",
                "Thelia",
                "WolfCMS",
                "agl",
                "aimeos",
                "annotatecms",
                "bitrix",
                "cakephp",
                "chef",
                "codeigniter",
                "concrete5",
                "croogo",
                "dokuwiki",
                "drupal",
                "elgg",
                "fuelphp",
                "grav",
                "installer",
                "joomla",
                "kohana",
                "laravel",
                "lithium",
                "magento",
                "mako",
                "mediawiki",
                "modulework",
                "moodle",
                "phpbb",
                "piwik",
                "ppi",
                "puppet",
                "roundcube",
                "shopware",
                "silverstripe",
                "symfony",
                "typo3",
                "wordpress",
                "zend",
                "zikula"
            ],
            "time": "2016-03-23 16:25:33"
        },
        {
            "name": "md/ac-json-events",
            "version": "dev-master",
            "source": {
                "type": "git",
                "url": "https://github.com/StudentLifeMarketingAndDesign/ac-json-events.git",
                "reference": "ac0dc08b8b9ad97b5d55e61632f0efdfc7aa3a66"
            },
            "dist": {
                "type": "zip",
                "url": "https://api.github.com/repos/StudentLifeMarketingAndDesign/ac-json-events/zipball/ac0dc08b8b9ad97b5d55e61632f0efdfc7aa3a66",
                "reference": "ac0dc08b8b9ad97b5d55e61632f0efdfc7aa3a66",
                "shasum": ""
            },
            "require": {
                "php": ">=5.3.2",
                "silverstripe/cms": "3.*",
                "silverstripe/framework": "3.*"
            },
            "type": "silverstripe-module",
            "extra": {
                "branch-alias": {
                    "dev-master": "0.1.x-dev"
                }
            },
            "description": "After Class JSON Display Module",
            "support": {
                "source": "https://github.com/StudentLifeMarketingAndDesign/ac-json-events/tree/master",
                "issues": "https://github.com/StudentLifeMarketingAndDesign/ac-json-events/issues"
            },
            "time": "2016-03-11 17:30:53"
        },
        {
            "name": "md/division-bar",
            "version": "dev-master",
            "source": {
                "type": "git",
                "url": "https://github.com/StudentLifeMarketingAndDesign/division-bar.git",
                "reference": "3a92657eea12f12de10caeaced93c0abb217e2e0"
            },
            "dist": {
                "type": "zip",
                "url": "https://api.github.com/repos/StudentLifeMarketingAndDesign/division-bar/zipball/3a92657eea12f12de10caeaced93c0abb217e2e0",
                "reference": "3a92657eea12f12de10caeaced93c0abb217e2e0",
                "shasum": ""
            },
            "require": {
                "php": ">=5.3.2",
                "silverstripe/cms": "3.*",
                "silverstripe/framework": "3.*"
            },
            "type": "silverstripe-module",
            "extra": {
                "branch-alias": {
                    "dev-master": "0.1.x-dev"
                }
            },
            "description": "The University of Iowa Division of Student Life Bar",
            "support": {
                "source": "https://github.com/StudentLifeMarketingAndDesign/division-bar/tree/master",
                "issues": "https://github.com/StudentLifeMarketingAndDesign/division-bar/issues"
            },
            "time": "2016-03-22 20:18:49"
        },
        {
            "name": "md/rss-display",
            "version": "dev-master",
            "source": {
                "type": "git",
                "url": "https://github.com/StudentLifeMarketingAndDesign/rss-display.git",
                "reference": "8825a6fe897c5ee3d91611146c8c1834a0594964"
            },
            "dist": {
                "type": "zip",
                "url": "https://api.github.com/repos/StudentLifeMarketingAndDesign/rss-display/zipball/8825a6fe897c5ee3d91611146c8c1834a0594964",
                "reference": "8825a6fe897c5ee3d91611146c8c1834a0594964",
                "shasum": ""
            },
            "require": {
                "php": ">=5.3.2",
                "silverstripe/cms": "3.*",
                "silverstripe/framework": "3.*"
            },
            "type": "silverstripe-module",
            "extra": {
                "branch-alias": {
                    "dev-master": "0.3.x-dev"
                }
            },
            "description": "MD RSS Display Module",
            "support": {
                "source": "https://github.com/StudentLifeMarketingAndDesign/rss-display/tree/master",
                "issues": "https://github.com/StudentLifeMarketingAndDesign/rss-display/issues"
            },
            "time": "2015-04-28 20:02:10"
        },
        {
            "name": "rywa/silverstripe-foundation-forms",
            "version": "dev-master",
            "source": {
                "type": "git",
                "url": "https://github.com/ryanwachtl/silverstripe-foundation-forms.git",
                "reference": "e2f80285ae3ec42026b339efd8e4b05fcb970c6d"
            },
            "dist": {
                "type": "zip",
                "url": "https://api.github.com/repos/ryanwachtl/silverstripe-foundation-forms/zipball/e2f80285ae3ec42026b339efd8e4b05fcb970c6d",
                "reference": "e2f80285ae3ec42026b339efd8e4b05fcb970c6d",
                "shasum": ""
            },
            "require": {
                "composer/installers": "*",
                "silverstripe/framework": "~3.1"
            },
            "type": "silverstripe-module",
            "extra": {
                "installer-name": "foundationforms",
                "branch-alias": {
                    "dev-master": "1.0.x-dev"
                }
            },
            "notification-url": "https://packagist.org/downloads/",
            "license": [
                "MIT Open Source License"
            ],
            "authors": [
                {
                    "name": "Ryan Wachtl",
                    "email": "ryan@beyondusability.pro",
                    "homepage": "http://beyondusability.pro",
                    "role": "Developer"
                }
            ],
            "description": "Add Foundation framework forms compatibility to SilverStripe 3",
            "keywords": [
                "Forms",
                "foundation",
                "silverstripe",
                "zurb foundation"
            ],
            "time": "2016-02-04 19:17:22"
        },
        {
            "name": "silverstripe-australia/gridfieldextensions",
            "version": "1.3.0",
            "source": {
                "type": "git",
                "url": "https://github.com/silverstripe-australia/silverstripe-gridfieldextensions.git",
                "reference": "ef57799a6898f4eeb1fe3ee2ab1eb2e0f58e5f9f"
            },
            "dist": {
                "type": "zip",
                "url": "https://api.github.com/repos/silverstripe-australia/silverstripe-gridfieldextensions/zipball/ef57799a6898f4eeb1fe3ee2ab1eb2e0f58e5f9f",
                "reference": "ef57799a6898f4eeb1fe3ee2ab1eb2e0f58e5f9f",
                "shasum": ""
            },
            "require": {
                "silverstripe/framework": "~3.1"
            },
            "replace": {
                "ajshort/silverstripe-gridfieldextensions": "self.version"
            },
            "type": "silverstripe-module",
            "extra": {
                "installer-name": "gridfieldextensions",
                "branch-alias": {
                    "dev-master": "1.2.x-dev"
                },
                "screenshots": [
                    "docs/en/_images/editable-rows.png",
                    "docs/en/_images/add-existing-search.png"
                ]
            },
            "notification-url": "https://packagist.org/downloads/",
            "license": [
                "BSD-3-Clause"
            ],
            "authors": [
                {
                    "name": "Marcus Nyeholt",
                    "email": "marcus@silverstripe.com.au"
                },
                {
                    "name": "Andrew Short",
                    "email": "andrewjshort@gmail.com"
                }
            ],
            "description": "A collection of useful grid field components",
            "homepage": "http://github.com/silverstripe-australia/silverstripe-gridfieldextensions",
            "keywords": [
                "gridfield",
                "silverstripe"
            ],
            "time": "2015-11-17 15:02:18"
        },
        {
            "name": "silverstripe/cms",
            "version": "3.1.13",
            "source": {
                "type": "git",
                "url": "https://github.com/silverstripe/silverstripe-cms.git",
                "reference": "0557c0d47be849ff0d1693ab387c7ebad9b634e5"
            },
            "dist": {
                "type": "zip",
                "url": "https://api.github.com/repos/silverstripe/silverstripe-cms/zipball/0557c0d47be849ff0d1693ab387c7ebad9b634e5",
                "reference": "0557c0d47be849ff0d1693ab387c7ebad9b634e5",
                "shasum": ""
            },
            "require": {
                "composer/installers": "*",
                "php": ">=5.3.2",
                "silverstripe/framework": "3.1.*"
            },
            "type": "silverstripe-module",
            "autoload": {
                "classmap": [
                    "tests/behat/"
                ]
            },
            "notification-url": "https://packagist.org/downloads/",
            "license": [
                "BSD-3-Clause"
            ],
            "authors": [
                {
                    "name": "SilverStripe",
                    "homepage": "http://silverstripe.com"
                },
                {
                    "name": "The SilverStripe Community",
                    "homepage": "http://silverstripe.org"
                }
            ],
            "description": "The SilverStripe Content Management System",
            "homepage": "http://silverstripe.org",
            "keywords": [
                "cms",
                "silverstripe"
            ],
            "time": "2015-05-14 01:52:21"
        },
        {
            "name": "silverstripe/framework",
            "version": "3.1.13",
            "source": {
                "type": "git",
                "url": "https://github.com/silverstripe/silverstripe-framework.git",
                "reference": "04b803dfc6dc60f2e6a38fa74f957156230b54be"
            },
            "dist": {
                "type": "zip",
                "url": "https://api.github.com/repos/silverstripe/silverstripe-framework/zipball/04b803dfc6dc60f2e6a38fa74f957156230b54be",
                "reference": "04b803dfc6dc60f2e6a38fa74f957156230b54be",
                "shasum": ""
            },
            "require": {
                "composer/installers": "*",
                "php": ">=5.3.2"
            },
            "require-dev": {
                "phpunit/phpunit": "~3.7@stable"
            },
            "type": "silverstripe-module",
            "autoload": {
                "classmap": [
                    "tests/behat/features/bootstrap"
                ]
            },
            "notification-url": "https://packagist.org/downloads/",
            "license": [
                "BSD-3-Clause"
            ],
            "authors": [
                {
                    "name": "SilverStripe",
                    "homepage": "http://silverstripe.com"
                },
                {
                    "name": "The SilverStripe Community",
                    "homepage": "http://silverstripe.org"
                }
            ],
            "description": "The SilverStripe framework",
            "homepage": "http://silverstripe.org",
            "keywords": [
                "framework",
                "silverstripe"
            ],
            "time": "2015-05-28 06:59:11"
        },
        {
            "name": "silverstripe/mathspamprotection",
            "version": "dev-master",
            "source": {
                "type": "git",
                "url": "https://github.com/silverstripe/silverstripe-mathspamprotection.git",
                "reference": "19b62c195e81808fbd721c865ea0803716e6bc43"
            },
            "dist": {
                "type": "zip",
                "url": "https://api.github.com/repos/silverstripe/silverstripe-mathspamprotection/zipball/19b62c195e81808fbd721c865ea0803716e6bc43",
                "reference": "19b62c195e81808fbd721c865ea0803716e6bc43",
                "shasum": ""
            },
            "require": {
                "silverstripe/spamprotection": "^2"
            },
            "type": "silverstripe-module",
            "notification-url": "https://packagist.org/downloads/",
            "license": [
                "BSD-3-Clause"
            ],
            "authors": [
                {
                    "name": "Will Rossiter",
                    "email": "will@fullscreen.io"
                }
            ],
            "description": "This module provides a simple math protection mechanism for prevent spam from your forms.Includes an EditableMathSpamField to integrate with the UserForms module.",
            "keywords": [
                "mathspamprotection",
                "silverstripe",
                "spamprotection"
            ],
            "time": "2016-02-03 15:47:25"
        },
        {
            "name": "silverstripe/recaptcha",
            "version": "dev-master",
            "source": {
                "type": "git",
                "url": "https://github.com/chillu/silverstripe-recaptcha.git",
                "reference": "8b975ff86f3abf77401420e859c387d672d7fae5"
            },
            "dist": {
                "type": "zip",
                "url": "https://api.github.com/repos/chillu/silverstripe-recaptcha/zipball/8b975ff86f3abf77401420e859c387d672d7fae5",
                "reference": "8b975ff86f3abf77401420e859c387d672d7fae5",
                "shasum": ""
            },
            "require": {
                "silverstripe/framework": "~3.1",
                "silverstripe/spamprotection": "*"
            },
            "type": "silverstripe-module",
            "extra": {
                "branch-alias": {
                    "dev-master": "1.2.x-dev"
                }
            },
            "notification-url": "https://packagist.org/downloads/",
            "authors": [
                {
                    "name": "Ingo Schommer",
                    "email": "ingo@silverstripe.com"
                }
            ],
            "description": "Provides a form field which allows form to validate for non-bot submissions by giving them a challenge to decrypt an image.",
            "keywords": [
                "silverstripe",
                "spamprotection"
            ],
            "time": "2016-02-22 10:21:31"
        },
        {
            "name": "silverstripe/segment-field",
            "version": "1.0.3",
            "source": {
                "type": "git",
                "url": "https://github.com/assertchris/silverstripe-segment-field.git",
                "reference": "0b1445307bac488ddc35d624564f4300e8080029"
            },
            "dist": {
                "type": "zip",
                "url": "https://api.github.com/repos/assertchris/silverstripe-segment-field/zipball/0b1445307bac488ddc35d624564f4300e8080029",
                "reference": "0b1445307bac488ddc35d624564f4300e8080029",
                "shasum": ""
            },
            "require": {
                "silverstripe/cms": "^3.1",
                "silverstripe/framework": "^3.1"
            },
            "require-dev": {
                "mockery/mockery": "^0.9",
                "phpunit/phpunit": "^3.7"
            },
            "type": "silverstripe-module",
            "autoload": {
                "psr-4": {
                    "SilverStripe\\Forms\\": "code"
                }
            },
            "notification-url": "https://packagist.org/downloads/",
            "license": [
                "MIT"
            ],
            "description": "A reusable approach to segment-generating fields",
            "keywords": [
                "segment",
                "silverstripe"
            ],
            "time": "2015-08-18 04:44:43"
        },
        {
            "name": "silverstripe/spamprotection",
            "version": "dev-master",
            "source": {
                "type": "git",
                "url": "https://github.com/silverstripe/silverstripe-spamprotection.git",
                "reference": "73bdcd9f7f9a257d5fb36da997a3bf85e2999dc1"
            },
            "dist": {
                "type": "zip",
                "url": "https://api.github.com/repos/silverstripe/silverstripe-spamprotection/zipball/73bdcd9f7f9a257d5fb36da997a3bf85e2999dc1",
                "reference": "73bdcd9f7f9a257d5fb36da997a3bf85e2999dc1",
                "shasum": ""
            },
            "require": {
                "silverstripe/framework": "~3.1"
            },
            "require-dev": {
                "phpunit/phpunit": "~3.7@stable"
            },
            "type": "silverstripe-module",
            "extra": {
                "branch-alias": {
                    "dev-master": "2.0.x-dev"
                }
            },
            "notification-url": "https://packagist.org/downloads/",
            "license": [
                "BSD-3-Clause"
            ],
            "authors": [
                {
                    "name": "Saophalkun Ponlu",
                    "email": "phalkunz@silverstripe.com"
                },
                {
                    "name": "Will Rossiter",
                    "email": "will@fullscreen.io"
                }
            ],
            "description": "Spam protection module for SilverStripe.",
            "keywords": [
                "silverstripe",
                "spamprotection"
            ],
            "time": "2016-03-07 01:01:50"
        },
        {
            "name": "silverstripe/userforms",
            "version": "dev-master",
            "source": {
                "type": "git",
                "url": "https://github.com/silverstripe/silverstripe-userforms.git",
                "reference": "37853881dc4b0cb0ee6d8fa74126554bf903862c"
            },
            "dist": {
                "type": "zip",
                "url": "https://api.github.com/repos/silverstripe/silverstripe-userforms/zipball/37853881dc4b0cb0ee6d8fa74126554bf903862c",
                "reference": "37853881dc4b0cb0ee6d8fa74126554bf903862c",
                "shasum": ""
            },
            "require": {
                "silverstripe-australia/gridfieldextensions": "~1.1",
                "silverstripe/cms": "~3.1",
                "silverstripe/framework": "~3.1",
                "silverstripe/segment-field": "^1.0"
            },
            "suggest": {
                "colymba/gridfield-bulk-editing-tools": "Allows for bulk management of form submissions",
                "silverstripe/secureassets": "Enables files uploaded via userforms to be secured from public access"
            },
            "type": "silverstripe-module",
            "extra": {
                "branch-alias": {
                    "dev-master": "3.1.x-dev"
                }
            },
            "notification-url": "https://packagist.org/downloads/",
            "license": [
                "BSD-3-Clause"
            ],
            "authors": [
                {
                    "name": "David Craig",
                    "email": "david@silverstripe.com"
                },
                {
                    "name": "Damian Mooyman",
                    "email": "damian@silverstripe.com"
                },
                {
                    "name": "Will Rossiter",
                    "email": "will@fullscreen.io"
                },
                {
                    "name": "Christopher Pitt",
                    "email": "chris@silverstripe.com"
                },
                {
                    "name": "Scott Hutchinson",
                    "email": "scott@silverstripe.com"
                }
            ],
            "description": "UserForms enables CMS users to create dynamic forms via a drag and drop interface and without getting involved in any PHP code",
            "keywords": [
                "silverstripe",
                "userforms"
            ],
            "time": "2016-03-23 21:15:29"
        }
    ],
    "packages-dev": [],
    "aliases": [],
    "minimum-stability": "dev",
    "stability-flags": {
        "silverstripe/spamprotection": 20,
        "md/ac-json-events": 20,
        "rywa/silverstripe-foundation-forms": 20,
        "silverstripe/mathspamprotection": 20
    },
    "prefer-stable": false,
    "prefer-lowest": false,
    "platform": {
        "php": ">=5.3.2"
    },
    "platform-dev": []
}
